
Microsoft Visual Studio Solution File, Format Version 12.00
# Visual Studio Version 17
VisualStudioVersion = 17.8.34330.188
MinimumVisualStudioVersion = 10.0.40219.1
Project("{9A19103F-16F7-4668-BE54-9A1E7A4F7556}") = "Exercise 1", "Exercise 1\Exercise 1.csproj", "{44DBB15E-1869-457B-BC2A-DF1A761698F8}"
EndProject
Project("{9A19103F-16F7-4668-BE54-9A1E7A4F7556}") = "Exercise 2", "Exercise 2\Exercise 2.csproj", "{99F9F1CA-34EB-4549-9A38-6669D1FD9FFC}"
EndProject
Project("{9A19103F-16F7-4668-BE54-9A1E7A4F7556}") = "Exercise 3", "Exercise 3\Exercise 3.csproj", "{0458A879-64E5-464D-BA4F-60B820119988}"
EndProject
Project("{9A19103F-16F7-4668-BE54-9A1E7A4F7556}") = "Exercise 4", "Exercise 4\Exercise 4.csproj", "{8064E7BE-EE53-4A86-B94D-1773AFBD4284}"
EndProject
Project("{FAE04EC0-301F-11D3-BF4B-00C04F79EFBC}") = "Exercise 5", "Exercise 5\Exercise 5.csproj", "{208967D1-C4B7-43D7-AE02-68562787F62F}"
EndProject
Project("{FAE04EC0-301F-11D3-BF4B-00C04F79EFBC}") = "Exercise 6", "Exercise 6\Exercise 6.csproj", "{3C9B4BCD-126F-4A96-B3A5-2277BECC0D87}"
EndProject
Global
	GlobalSection(SolutionConfigurationPlatforms) = preSolution
		Debug|Any CPU = Debug|Any CPU
		Release|Any CPU = Release|Any CPU
	EndGlobalSection
	GlobalSection(ProjectConfigurationPlatforms) = postSolution
		{44DBB15E-1869-457B-BC2A-DF1A761698F8}.Debug|Any CPU.ActiveCfg = Debug|Any CPU
		{44DBB15E-1869-457B-BC2A-DF1A761698F8}.Debug|Any CPU.Build.0 = Debug|Any CPU
		{44DBB15E-1869-457B-BC2A-DF1A761698F8}.Release|Any CPU.ActiveCfg = Release|Any CPU
		{44DBB15E-1869-457B-BC2A-DF1A761698F8}.Release|Any CPU.Build.0 = Release|Any CPU
		{99F9F1CA-34EB-4549-9A38-6669D1FD9FFC}.Debug|Any CPU.ActiveCfg = Debug|Any CPU
		{99F9F1CA-34EB-4549-9A38-6669D1FD9FFC}.Debug|Any CPU.Build.0 = Debug|Any CPU
		{99F9F1CA-34EB-4549-9A38-6669D1FD9FFC}.Release|Any CPU.ActiveCfg = Release|Any CPU
		{99F9F1CA-34EB-4549-9A38-6669D1FD9FFC}.Release|Any CPU.Build.0 = Release|Any CPU
		{0458A879-64E5-464D-BA4F-60B820119988}.Debug|Any CPU.ActiveCfg = Debug|Any CPU
		{0458A879-64E5-464D-BA4F-60B820119988}.Debug|Any CPU.Build.0 = Debug|Any CPU
		{0458A879-64E5-464D-BA4F-60B820119988}.Release|Any CPU.ActiveCfg = Release|Any CPU
		{0458A879-64E5-464D-BA4F-60B820119988}.Release|Any CPU.Build.0 = Release|Any CPU
		{8064E7BE-EE53-4A86-B94D-1773AFBD4284}.Debug|Any CPU.ActiveCfg = Debug|Any CPU
		{8064E7BE-EE53-4A86-B94D-1773AFBD4284}.Debug|Any CPU.Build.0 = Debug|Any CPU
		{8064E7BE-EE53-4A86-B94D-1773AFBD4284}.Release|Any CPU.ActiveCfg = Release|Any CPU
		{8064E7BE-EE53-4A86-B94D-1773AFBD4284}.Release|Any CPU.Build.0 = Release|Any CPU
		{208967D1-C4B7-43D7-AE02-68562787F62F}.Debug|Any CPU.ActiveCfg = Debug|Any CPU
		{208967D1-C4B7-43D7-AE02-68562787F62F}.Debug|Any CPU.Build.0 = Debug|Any CPU
		{208967D1-C4B7-43D7-AE02-68562787F62F}.Release|Any CPU.ActiveCfg = Release|Any CPU
		{208967D1-C4B7-43D7-AE02-68562787F62F}.Release|Any CPU.Build.0 = Release|Any CPU
		{3C9B4BCD-126F-4A96-B3A5-2277BECC0D87}.Debug|Any CPU.ActiveCfg = Debug|Any CPU
		{3C9B4BCD-126F-4A96-B3A5-2277BECC0D87}.Debug|Any CPU.Build.0 = Debug|Any CPU
		{3C9B4BCD-126F-4A96-B3A5-2277BECC0D87}.Release|Any CPU.ActiveCfg = Release|Any CPU
		{3C9B4BCD-126F-4A96-B3A5-2277BECC0D87}.Release|Any CPU.Build.0 = Release|Any CPU
	EndGlobalSection
	GlobalSection(SolutionProperties) = preSolution
		HideSolutionNode = FALSE
	EndGlobalSection
	GlobalSection(ExtensibilityGlobals) = postSolution
		SolutionGuid = {0AD9FE9C-34A1-49E5-8FCC-B60E1568AF25}
	EndGlobalSection
EndGlobal
